
Microsoft Visual Studio Solution File, Format Version 12.00
# Visual Studio Version 16
VisualStudioVersion = 16.0.33027.164
MinimumVisualStudioVersion = 10.0.40219.1
Project("{8BC9CEB8-8B4A-11D0-8D11-00A0C91BC942}") = "vjezba11_temp", "vjezba11_temp\vjezba11_temp.vcxproj", "{8E92524F-5F30-4F0A-A231-07A5EEF66473}"
EndProject
Global
	GlobalSection(SolutionConfigurationPlatforms) = preSolution
		Debug|x64 = Debug|x64
		Debug|x86 = Debug|x86
		Release|x64 = Release|x64
		Release|x86 = Release|x86
	EndGlobalSection
	GlobalSection(ProjectConfigurationPlatforms) = postSolution
		{8E92524F-5F30-4F0A-A231-07A5EEF66473}.Debug|x64.ActiveCfg = Debug|x64
		{8E92524F-5F30-4F0A-A231-07A5EEF66473}.Debug|x64.Build.0 = Debug|x64
		{8E92524F-5F30-4F0A-A231-07A5EEF66473}.Debug|x86.ActiveCfg = Debug|Win32
		{8E92524F-5F30-4F0A-A231-07A5EEF66473}.Debug|x86.Build.0 = Debug|Win32
		{8E92524F-5F30-4F0A-A231-07A5EEF66473}.Release|x64.ActiveCfg = Release|x64
		{8E92524F-5F30-4F0A-A231-07A5EEF66473}.Release|x64.Build.0 = Release|x64
		{8E92524F-5F30-4F0A-A231-07A5EEF66473}.Release|x86.ActiveCfg = Release|Win32
		{8E92524F-5F30-4F0A-A231-07A5EEF66473}.Release|x86.Build.0 = Release|Win32
	EndGlobalSection
	GlobalSection(SolutionProperties) = preSolution
		HideSolutionNode = FALSE
	EndGlobalSection
	GlobalSection(ExtensibilityGlobals) = postSolution
		SolutionGuid = {34EE9CC8-6AF5-4903-BF9F-2C4DF194C1E5}
	EndGlobalSection
EndGlobal
