
Microsoft Visual Studio Solution File, Format Version 12.00
# Visual Studio Version 16
VisualStudioVersion = 16.0.33027.164
MinimumVisualStudioVersion = 10.0.40219.1
Project("{8BC9CEB8-8B4A-11D0-8D11-00A0C91BC942}") = "20.02.2023._rok2_grupa1", "20.02.2023._rok2_grupa1\20.02.2023._rok2_grupa1.vcxproj", "{7D8D1D0D-FA1C-4299-B607-266B53B6B47F}"
EndProject
Global
	GlobalSection(SolutionConfigurationPlatforms) = preSolution
		Debug|x64 = Debug|x64
		Debug|x86 = Debug|x86
		Release|x64 = Release|x64
		Release|x86 = Release|x86
	EndGlobalSection
	GlobalSection(ProjectConfigurationPlatforms) = postSolution
		{7D8D1D0D-FA1C-4299-B607-266B53B6B47F}.Debug|x64.ActiveCfg = Debug|x64
		{7D8D1D0D-FA1C-4299-B607-266B53B6B47F}.Debug|x64.Build.0 = Debug|x64
		{7D8D1D0D-FA1C-4299-B607-266B53B6B47F}.Debug|x86.ActiveCfg = Debug|Win32
		{7D8D1D0D-FA1C-4299-B607-266B53B6B47F}.Debug|x86.Build.0 = Debug|Win32
		{7D8D1D0D-FA1C-4299-B607-266B53B6B47F}.Release|x64.ActiveCfg = Release|x64
		{7D8D1D0D-FA1C-4299-B607-266B53B6B47F}.Release|x64.Build.0 = Release|x64
		{7D8D1D0D-FA1C-4299-B607-266B53B6B47F}.Release|x86.ActiveCfg = Release|Win32
		{7D8D1D0D-FA1C-4299-B607-266B53B6B47F}.Release|x86.Build.0 = Release|Win32
	EndGlobalSection
	GlobalSection(SolutionProperties) = preSolution
		HideSolutionNode = FALSE
	EndGlobalSection
	GlobalSection(ExtensibilityGlobals) = postSolution
		SolutionGuid = {9E9540DF-4702-4D87-BD45-E20F4778FD52}
	EndGlobalSection
EndGlobal
